
Microsoft Visual Studio Solution File, Format Version 12.00
# Visual Studio Version 17
VisualStudioVersion = 17.8.34511.84
MinimumVisualStudioVersion = 10.0.40219.1
Project("{9A19103F-16F7-4668-BE54-9A1E7A4F7556}") = "KnackebrodApi", "KnackebrodApi\KnackebrodApi.csproj", "{5BA8CC31-5F88-49D9-95CC-0FF2DC8C424B}"
EndProject
Project("{FAE04EC0-301F-11D3-BF4B-00C04F79EFBC}") = "KnackebrodApi.DataAccess", "KnackebrodApi.DataAccess\KnackebrodApi.DataAccess.csproj", "{3A0B1693-CC93-4244-B36B-E9F1F0BC54EF}"
EndProject
Global
	GlobalSection(SolutionConfigurationPlatforms) = preSolution
		Debug|Any CPU = Debug|Any CPU
		Release|Any CPU = Release|Any CPU
	EndGlobalSection
	GlobalSection(ProjectConfigurationPlatforms) = postSolution
		{5BA8CC31-5F88-49D9-95CC-0FF2DC8C424B}.Debug|Any CPU.ActiveCfg = Debug|Any CPU
		{5BA8CC31-5F88-49D9-95CC-0FF2DC8C424B}.Debug|Any CPU.Build.0 = Debug|Any CPU
		{5BA8CC31-5F88-49D9-95CC-0FF2DC8C424B}.Release|Any CPU.ActiveCfg = Release|Any CPU
		{5BA8CC31-5F88-49D9-95CC-0FF2DC8C424B}.Release|Any CPU.Build.0 = Release|Any CPU
		{3A0B1693-CC93-4244-B36B-E9F1F0BC54EF}.Debug|Any CPU.ActiveCfg = Debug|Any CPU
		{3A0B1693-CC93-4244-B36B-E9F1F0BC54EF}.Debug|Any CPU.Build.0 = Debug|Any CPU
		{3A0B1693-CC93-4244-B36B-E9F1F0BC54EF}.Release|Any CPU.ActiveCfg = Release|Any CPU
		{3A0B1693-CC93-4244-B36B-E9F1F0BC54EF}.Release|Any CPU.Build.0 = Release|Any CPU
	EndGlobalSection
	GlobalSection(SolutionProperties) = preSolution
		HideSolutionNode = FALSE
	EndGlobalSection
	GlobalSection(ExtensibilityGlobals) = postSolution
		SolutionGuid = {DD8B855D-A49A-4F92-BD5E-A55086C99989}
	EndGlobalSection
EndGlobal
